
Microsoft Visual Studio Solution File, Format Version 12.00
# Visual Studio 15
VisualStudioVersion = 15.0.28307.572
MinimumVisualStudioVersion = 10.0.40219.1
Project("{FAE04EC0-301F-11D3-BF4B-00C04F79EFBC}") = "MVCTaskListApp", "MVCTaskListApp\MVCTaskListApp.csproj", "{71E11799-5B16-458C-BCAC-9FFAD42E26DF}"
EndProject
Global
	GlobalSection(SolutionConfigurationPlatforms) = preSolution
		Debug|Any CPU = Debug|Any CPU
		Release|Any CPU = Release|Any CPU
	EndGlobalSection
	GlobalSection(ProjectConfigurationPlatforms) = postSolution
		{71E11799-5B16-458C-BCAC-9FFAD42E26DF}.Debug|Any CPU.ActiveCfg = Debug|Any CPU
		{71E11799-5B16-458C-BCAC-9FFAD42E26DF}.Debug|Any CPU.Build.0 = Debug|Any CPU
		{71E11799-5B16-458C-BCAC-9FFAD42E26DF}.Release|Any CPU.ActiveCfg = Release|Any CPU
		{71E11799-5B16-458C-BCAC-9FFAD42E26DF}.Release|Any CPU.Build.0 = Release|Any CPU
	EndGlobalSection
	GlobalSection(SolutionProperties) = preSolution
		HideSolutionNode = FALSE
	EndGlobalSection
	GlobalSection(ExtensibilityGlobals) = postSolution
		SolutionGuid = {450A14AA-47B5-4DF3-AC82-DB03EA752146}
	EndGlobalSection
EndGlobal
